
Microsoft Visual Studio Solution File, Format Version 12.00
# Visual Studio Version 16
VisualStudioVersion = 16.0.30002.166
MinimumVisualStudioVersion = 10.0.40219.1
Project("{FAE04EC0-301F-11D3-BF4B-00C04F79EFBC}") = "ISDhhMuszakBeosztasUI", "ISDhhMuszakBeosztasUI\ISDhhMuszakBeosztasUI.csproj", "{EDB4A17A-368D-4196-BDA7-478FB5AFB989}"
EndProject
Project("{FAE04EC0-301F-11D3-BF4B-00C04F79EFBC}") = "ISDhhMuszakBeosztasDataAccess", "ISDhhMuszakBeosztasDataAccess\ISDhhMuszakBeosztasDataAccess.csproj", "{B27A289A-8691-4FA1-AC6B-44AB967ED397}"
EndProject
Global
	GlobalSection(SolutionConfigurationPlatforms) = preSolution
		Debug|Any CPU = Debug|Any CPU
		Release|Any CPU = Release|Any CPU
	EndGlobalSection
	GlobalSection(ProjectConfigurationPlatforms) = postSolution
		{EDB4A17A-368D-4196-BDA7-478FB5AFB989}.Debug|Any CPU.ActiveCfg = Debug|Any CPU
		{EDB4A17A-368D-4196-BDA7-478FB5AFB989}.Debug|Any CPU.Build.0 = Debug|Any CPU
		{EDB4A17A-368D-4196-BDA7-478FB5AFB989}.Release|Any CPU.ActiveCfg = Release|Any CPU
		{EDB4A17A-368D-4196-BDA7-478FB5AFB989}.Release|Any CPU.Build.0 = Release|Any CPU
		{B27A289A-8691-4FA1-AC6B-44AB967ED397}.Debug|Any CPU.ActiveCfg = Debug|Any CPU
		{B27A289A-8691-4FA1-AC6B-44AB967ED397}.Debug|Any CPU.Build.0 = Debug|Any CPU
		{B27A289A-8691-4FA1-AC6B-44AB967ED397}.Release|Any CPU.ActiveCfg = Release|Any CPU
		{B27A289A-8691-4FA1-AC6B-44AB967ED397}.Release|Any CPU.Build.0 = Release|Any CPU
	EndGlobalSection
	GlobalSection(SolutionProperties) = preSolution
		HideSolutionNode = FALSE
	EndGlobalSection
	GlobalSection(ExtensibilityGlobals) = postSolution
		SolutionGuid = {8ED1BA06-DF42-4268-A45A-D098CC62359A}
	EndGlobalSection
EndGlobal
